
Microsoft Visual Studio Solution File, Format Version 12.00
# Visual Studio Version 17
VisualStudioVersion = 17.2.32630.192
MinimumVisualStudioVersion = 10.0.40219.1
Project("{2150E333-8FDC-42A3-9474-1A3956D46DE8}") = "Core", "Core", "{E5C0C19E-B6FE-4DF0-9FCB-9BE5796D20B3}"
EndProject
Project("{2150E333-8FDC-42A3-9474-1A3956D46DE8}") = "Api", "Api", "{335A6439-E049-4916-9448-32718D02D207}"
EndProject
Project("{2150E333-8FDC-42A3-9474-1A3956D46DE8}") = "Framework", "Framework", "{00334600-AA6E-42C9-8411-B96ED8C6CCEE}"
EndProject
Project("{9A19103F-16F7-4668-BE54-9A1E7A4F7556}") = "Feature.Api", "Feature.Api\Feature.Api.csproj", "{70D66C5C-E968-4246-9BFA-325E1B958B05}"
EndProject
Project("{9A19103F-16F7-4668-BE54-9A1E7A4F7556}") = "Feature.Core", "Feature.Core\Feature.Core.csproj", "{C440416C-7896-4603-BD76-F04E0EE4CE92}"
EndProject
Project("{2150E333-8FDC-42A3-9474-1A3956D46DE8}") = "Auth", "Auth", "{D5376848-8D2B-4829-9CFC-24CE0C8C7E57}"
EndProject
Project("{9A19103F-16F7-4668-BE54-9A1E7A4F7556}") = "Feature.Auth", "Feature.Auth\Feature.Auth.csproj", "{F2916A1D-B1CC-4972-996E-ACE23AF31A52}"
EndProject
Project("{9A19103F-16F7-4668-BE54-9A1E7A4F7556}") = "ByBComedor.Api", "ByBComedor.Api\ByBComedor.Api.csproj", "{1D2159D9-3F7C-40E8-86B0-13E4228F5323}"
EndProject
Project("{FAE04EC0-301F-11D3-BF4B-00C04F79EFBC}") = "Features.Auth.Comedor", "Features.Auth.Comedor\Features.Auth.Comedor.csproj", "{E642FBE2-2F69-4487-BFE6-8E40890D5D7E}"
EndProject
Global
	GlobalSection(SolutionConfigurationPlatforms) = preSolution
		Debug|Any CPU = Debug|Any CPU
		Release|Any CPU = Release|Any CPU
	EndGlobalSection
	GlobalSection(ProjectConfigurationPlatforms) = postSolution
		{70D66C5C-E968-4246-9BFA-325E1B958B05}.Debug|Any CPU.ActiveCfg = Debug|Any CPU
		{70D66C5C-E968-4246-9BFA-325E1B958B05}.Debug|Any CPU.Build.0 = Debug|Any CPU
		{70D66C5C-E968-4246-9BFA-325E1B958B05}.Release|Any CPU.ActiveCfg = Release|Any CPU
		{70D66C5C-E968-4246-9BFA-325E1B958B05}.Release|Any CPU.Build.0 = Release|Any CPU
		{C440416C-7896-4603-BD76-F04E0EE4CE92}.Debug|Any CPU.ActiveCfg = Debug|Any CPU
		{C440416C-7896-4603-BD76-F04E0EE4CE92}.Debug|Any CPU.Build.0 = Debug|Any CPU
		{C440416C-7896-4603-BD76-F04E0EE4CE92}.Release|Any CPU.ActiveCfg = Release|Any CPU
		{C440416C-7896-4603-BD76-F04E0EE4CE92}.Release|Any CPU.Build.0 = Release|Any CPU
		{F2916A1D-B1CC-4972-996E-ACE23AF31A52}.Debug|Any CPU.ActiveCfg = Debug|Any CPU
		{F2916A1D-B1CC-4972-996E-ACE23AF31A52}.Debug|Any CPU.Build.0 = Debug|Any CPU
		{F2916A1D-B1CC-4972-996E-ACE23AF31A52}.Release|Any CPU.ActiveCfg = Release|Any CPU
		{F2916A1D-B1CC-4972-996E-ACE23AF31A52}.Release|Any CPU.Build.0 = Release|Any CPU
		{1D2159D9-3F7C-40E8-86B0-13E4228F5323}.Debug|Any CPU.ActiveCfg = Debug|Any CPU
		{1D2159D9-3F7C-40E8-86B0-13E4228F5323}.Debug|Any CPU.Build.0 = Debug|Any CPU
		{1D2159D9-3F7C-40E8-86B0-13E4228F5323}.Release|Any CPU.ActiveCfg = Release|Any CPU
		{1D2159D9-3F7C-40E8-86B0-13E4228F5323}.Release|Any CPU.Build.0 = Release|Any CPU
		{E642FBE2-2F69-4487-BFE6-8E40890D5D7E}.Debug|Any CPU.ActiveCfg = Debug|Any CPU
		{E642FBE2-2F69-4487-BFE6-8E40890D5D7E}.Debug|Any CPU.Build.0 = Debug|Any CPU
		{E642FBE2-2F69-4487-BFE6-8E40890D5D7E}.Release|Any CPU.ActiveCfg = Release|Any CPU
		{E642FBE2-2F69-4487-BFE6-8E40890D5D7E}.Release|Any CPU.Build.0 = Release|Any CPU
	EndGlobalSection
	GlobalSection(SolutionProperties) = preSolution
		HideSolutionNode = FALSE
	EndGlobalSection
	GlobalSection(NestedProjects) = preSolution
		{70D66C5C-E968-4246-9BFA-325E1B958B05} = {335A6439-E049-4916-9448-32718D02D207}
		{C440416C-7896-4603-BD76-F04E0EE4CE92} = {335A6439-E049-4916-9448-32718D02D207}
		{F2916A1D-B1CC-4972-996E-ACE23AF31A52} = {D5376848-8D2B-4829-9CFC-24CE0C8C7E57}
		{E642FBE2-2F69-4487-BFE6-8E40890D5D7E} = {D5376848-8D2B-4829-9CFC-24CE0C8C7E57}
	EndGlobalSection
	GlobalSection(ExtensibilityGlobals) = postSolution
		SolutionGuid = {DD41E651-65B8-4BEC-BFF5-2433AD28084D}
	EndGlobalSection
EndGlobal
